{"filter":false,"title":"Gemfile.lock","tooltip":"/modulo_02/bundler/Gemfile.lock","undoManager":{"mark":7,"position":7,"stack":[[{"start":{"row":137,"column":15},"end":{"row":137,"column":16},"action":"remove","lines":["2"],"id":2}],[{"start":{"row":137,"column":15},"end":{"row":137,"column":16},"action":"insert","lines":["8"],"id":3}],[{"start":{"row":137,"column":13},"end":{"row":137,"column":14},"action":"remove","lines":["1"],"id":4}],[{"start":{"row":137,"column":13},"end":{"row":137,"column":14},"action":"insert","lines":["2"],"id":5}],[{"start":{"row":137,"column":11},"end":{"row":137,"column":12},"action":"remove","lines":["7"],"id":6}],[{"start":{"row":137,"column":11},"end":{"row":137,"column":12},"action":"insert","lines":["5"],"id":7}],[{"start":{"row":3,"column":17},"end":{"row":3,"column":20},"action":"remove","lines":["7.1"],"id":8},{"start":{"row":3,"column":17},"end":{"row":3,"column":18},"action":"insert","lines":["5"]},{"start":{"row":3,"column":20},"end":{"row":3,"column":22},"action":"insert","lines":[".8"]},{"start":{"row":4,"column":20},"end":{"row":4,"column":23},"action":"remove","lines":["7.1"]},{"start":{"row":4,"column":20},"end":{"row":4,"column":21},"action":"insert","lines":["5"]},{"start":{"row":4,"column":23},"end":{"row":5,"column":24},"action":"remove","lines":[")","      activesupport (= 7"]},{"start":{"row":4,"column":24},"end":{"row":4,"column":27},"action":"remove","lines":["1.2"]},{"start":{"row":4,"column":24},"end":{"row":4,"column":25},"action":"insert","lines":["8"]},{"start":{"row":7,"column":4},"end":{"row":8,"column":4},"action":"remove","lines":["  zeitwerk (~> 2.6)","    "]},{"start":{"row":7,"column":14},"end":{"row":10,"column":11},"action":"remove","lines":["box (7.1.2)","      actionpack (= 7.1.2)","      activejob (= 7.1.2)","      activ"]},{"start":{"row":7,"column":16},"end":{"row":7,"column":21},"action":"remove","lines":["ecord"]},{"start":{"row":7,"column":18},"end":{"row":7,"column":23},"action":"remove","lines":["= 7.1"]},{"start":{"row":7,"column":18},"end":{"row":7,"column":19},"action":"insert","lines":["5"]},{"start":{"row":7,"column":21},"end":{"row":8,"column":24},"action":"remove","lines":[")","      activestorage (= 7"]},{"start":{"row":7,"column":22},"end":{"row":13,"column":23},"action":"remove","lines":["1.2)","      activesupport (= 7.1.2)","      mail (>= 2.7.1)","      net-imap","      net-pop","      net-smtp","    actionmailer (7.1.2"]},{"start":{"row":7,"column":22},"end":{"row":7,"column":23},"action":"insert","lines":["8"]},{"start":{"row":8,"column":20},"end":{"row":8,"column":23},"action":"remove","lines":["7.1"]},{"start":{"row":8,"column":20},"end":{"row":8,"column":21},"action":"insert","lines":["5"]},{"start":{"row":8,"column":23},"end":{"row":8,"column":25},"action":"insert","lines":[".8"]},{"start":{"row":9,"column":20},"end":{"row":9,"column":23},"action":"remove","lines":["7.1"]},{"start":{"row":9,"column":20},"end":{"row":9,"column":21},"action":"insert","lines":["5"]},{"start":{"row":9,"column":23},"end":{"row":9,"column":25},"action":"insert","lines":[".8"]},{"start":{"row":10,"column":19},"end":{"row":10,"column":22},"action":"remove","lines":["7.1"]},{"start":{"row":10,"column":19},"end":{"row":10,"column":20},"action":"insert","lines":["5"]},{"start":{"row":10,"column":22},"end":{"row":11,"column":24},"action":"remove","lines":[")","      activesupport (= 7"]},{"start":{"row":10,"column":23},"end":{"row":10,"column":26},"action":"remove","lines":["1.2"]},{"start":{"row":10,"column":23},"end":{"row":10,"column":24},"action":"insert","lines":["8"]},{"start":{"row":12,"column":6},"end":{"row":15,"column":6},"action":"remove","lines":["net-imap","      net-pop","      net-smtp","      "]},{"start":{"row":12,"column":30},"end":{"row":12,"column":31},"action":"remove","lines":["2"]},{"start":{"row":12,"column":30},"end":{"row":12,"column":31},"action":"insert","lines":["0"]},{"start":{"row":13,"column":16},"end":{"row":13,"column":17},"action":"remove","lines":["7"]},{"start":{"row":13,"column":16},"end":{"row":13,"column":17},"action":"insert","lines":["5"]},{"start":{"row":13,"column":18},"end":{"row":13,"column":19},"action":"remove","lines":["1"]},{"start":{"row":13,"column":18},"end":{"row":13,"column":19},"action":"insert","lines":["2"]},{"start":{"row":13,"column":20},"end":{"row":13,"column":21},"action":"remove","lines":["2"]},{"start":{"row":13,"column":20},"end":{"row":13,"column":21},"action":"insert","lines":["8"]},{"start":{"row":14,"column":20},"end":{"row":14,"column":21},"action":"remove","lines":["7"]},{"start":{"row":14,"column":20},"end":{"row":14,"column":21},"action":"insert","lines":["5"]},{"start":{"row":14,"column":22},"end":{"row":14,"column":23},"action":"remove","lines":["1"]},{"start":{"row":14,"column":22},"end":{"row":14,"column":23},"action":"insert","lines":["2"]},{"start":{"row":14,"column":24},"end":{"row":14,"column":25},"action":"remove","lines":["2"]},{"start":{"row":14,"column":24},"end":{"row":14,"column":25},"action":"insert","lines":["8"]},{"start":{"row":15,"column":23},"end":{"row":15,"column":26},"action":"remove","lines":["7.1"]},{"start":{"row":15,"column":23},"end":{"row":15,"column":24},"action":"insert","lines":["5"]},{"start":{"row":15,"column":26},"end":{"row":16,"column":20},"action":"remove","lines":[")","      nokogiri (>= 1"]},{"start":{"row":15,"column":28},"end":{"row":15,"column":30},"action":"remove","lines":[".5"]},{"start":{"row":16,"column":9},"end":{"row":17,"column":9},"action":"remove","lines":["c","      rac"]},{"start":{"row":16,"column":12},"end":{"row":16,"column":13},"action":"insert","lines":["~"]},{"start":{"row":16,"column":14},"end":{"row":16,"column":15},"action":"remove","lines":["="]},{"start":{"row":16,"column":17},"end":{"row":17,"column":0},"action":"remove","lines":["2.4)",""]},{"start":{"row":16,"column":17},"end":{"row":16,"column":19},"action":"insert","lines":["0,"]},{"start":{"row":16,"column":20},"end":{"row":16,"column":39},"action":"remove","lines":["     rack-session ("]},{"start":{"row":16,"column":23},"end":{"row":16,"column":24},"action":"remove","lines":["1"]},{"start":{"row":16,"column":23},"end":{"row":16,"column":24},"action":"insert","lines":["2"]},{"start":{"row":16,"column":27},"end":{"row":16,"column":28},"action":"remove","lines":["1"]},{"start":{"row":16,"column":27},"end":{"row":16,"column":28},"action":"insert","lines":["8"]},{"start":{"row":18,"column":30},"end":{"row":18,"column":31},"action":"remove","lines":["2"]},{"start":{"row":18,"column":30},"end":{"row":18,"column":31},"action":"insert","lines":["0"]},{"start":{"row":19,"column":33},"end":{"row":25,"column":19},"action":"remove","lines":["6)","    actiontext (7.1.2)","      actionpack (= 7.1.2)","      activerecord (= 7.1.2)","      activestorage (= 7.1.2)","      activesupport (= 7.1.2)","      globalid (>= "]},{"start":{"row":19,"column":34},"end":{"row":20,"column":14},"action":"remove","lines":[".6.0)","      nokogiri"]},{"start":{"row":19,"column":34},"end":{"row":19,"column":35},"action":"insert","lines":[","]},{"start":{"row":19,"column":36},"end":{"row":19,"column":37},"action":"remove","lines":["("]},{"start":{"row":19,"column":41},"end":{"row":19,"column":42},"action":"remove","lines":["8"]},{"start":{"row":19,"column":41},"end":{"row":19,"column":42},"action":"insert","lines":["0"]},{"start":{"row":19,"column":43},"end":{"row":19,"column":44},"action":"remove","lines":["5"]},{"start":{"row":19,"column":43},"end":{"row":19,"column":44},"action":"insert","lines":["2"]},{"start":{"row":20,"column":16},"end":{"row":20,"column":17},"action":"remove","lines":["7"]},{"start":{"row":20,"column":16},"end":{"row":20,"column":17},"action":"insert","lines":["5"]},{"start":{"row":20,"column":18},"end":{"row":20,"column":19},"action":"remove","lines":["1"]},{"start":{"row":20,"column":18},"end":{"row":20,"column":19},"action":"insert","lines":["2"]},{"start":{"row":20,"column":20},"end":{"row":20,"column":21},"action":"remove","lines":["2"]},{"start":{"row":20,"column":20},"end":{"row":20,"column":21},"action":"insert","lines":["8"]},{"start":{"row":21,"column":23},"end":{"row":21,"column":26},"action":"remove","lines":["7.1"]},{"start":{"row":21,"column":23},"end":{"row":21,"column":24},"action":"insert","lines":["5"]},{"start":{"row":21,"column":26},"end":{"row":21,"column":28},"action":"insert","lines":[".8"]},{"start":{"row":23,"column":18},"end":{"row":23,"column":20},"action":"remove","lines":["11"]},{"start":{"row":23,"column":18},"end":{"row":23,"column":19},"action":"insert","lines":["4"]},{"start":{"row":24,"column":30},"end":{"row":24,"column":31},"action":"remove","lines":["2"]},{"start":{"row":24,"column":30},"end":{"row":24,"column":31},"action":"insert","lines":["0"]},{"start":{"row":25,"column":33},"end":{"row":25,"column":34},"action":"remove","lines":["6"]},{"start":{"row":25,"column":33},"end":{"row":25,"column":44},"action":"insert","lines":["0, >= 1.0.3"]},{"start":{"row":26,"column":15},"end":{"row":26,"column":18},"action":"remove","lines":["7.1"]},{"start":{"row":26,"column":15},"end":{"row":26,"column":16},"action":"insert","lines":["5"]},{"start":{"row":26,"column":18},"end":{"row":26,"column":20},"action":"insert","lines":[".8"]},{"start":{"row":27,"column":23},"end":{"row":27,"column":26},"action":"remove","lines":["7.1"]},{"start":{"row":27,"column":23},"end":{"row":27,"column":24},"action":"insert","lines":["5"]},{"start":{"row":27,"column":26},"end":{"row":27,"column":28},"action":"insert","lines":[".8"]},{"start":{"row":29,"column":17},"end":{"row":29,"column":20},"action":"remove","lines":["7.1"]},{"start":{"row":29,"column":17},"end":{"row":29,"column":18},"action":"insert","lines":["5"]},{"start":{"row":29,"column":20},"end":{"row":29,"column":22},"action":"insert","lines":[".8"]},{"start":{"row":30,"column":23},"end":{"row":30,"column":26},"action":"remove","lines":["7.1"]},{"start":{"row":30,"column":23},"end":{"row":30,"column":24},"action":"insert","lines":["5"]},{"start":{"row":30,"column":26},"end":{"row":30,"column":28},"action":"insert","lines":[".8"]},{"start":{"row":31,"column":18},"end":{"row":31,"column":21},"action":"remove","lines":["7.1"]},{"start":{"row":31,"column":18},"end":{"row":31,"column":19},"action":"insert","lines":["5"]},{"start":{"row":31,"column":21},"end":{"row":31,"column":23},"action":"insert","lines":[".8"]},{"start":{"row":32,"column":21},"end":{"row":32,"column":24},"action":"remove","lines":["7.1"]},{"start":{"row":32,"column":21},"end":{"row":32,"column":22},"action":"insert","lines":["5"]},{"start":{"row":32,"column":24},"end":{"row":32,"column":26},"action":"insert","lines":[".8"]},{"start":{"row":33,"column":23},"end":{"row":33,"column":26},"action":"remove","lines":["7.1"]},{"start":{"row":33,"column":23},"end":{"row":33,"column":24},"action":"insert","lines":["5"]},{"start":{"row":33,"column":26},"end":{"row":33,"column":28},"action":"insert","lines":[".8"]},{"start":{"row":34,"column":6},"end":{"row":34,"column":9},"action":"remove","lines":["tim"]},{"start":{"row":34,"column":6},"end":{"row":34,"column":8},"action":"insert","lines":["ar"]},{"start":{"row":34,"column":9},"end":{"row":34,"column":12},"action":"remove","lines":["out"]},{"start":{"row":34,"column":9},"end":{"row":34,"column":10},"action":"insert","lines":["l"]},{"start":{"row":34,"column":15},"end":{"row":34,"column":18},"action":"remove","lines":["0.4"]},{"start":{"row":34,"column":15},"end":{"row":34,"column":16},"action":"insert","lines":["9"]},{"start":{"row":35,"column":19},"end":{"row":35,"column":22},"action":"remove","lines":["7.1"]},{"start":{"row":35,"column":19},"end":{"row":35,"column":20},"action":"insert","lines":["5"]},{"start":{"row":35,"column":22},"end":{"row":35,"column":24},"action":"insert","lines":[".8"]},{"start":{"row":36,"column":20},"end":{"row":36,"column":23},"action":"remove","lines":["7.1"]},{"start":{"row":36,"column":20},"end":{"row":36,"column":21},"action":"insert","lines":["5"]},{"start":{"row":36,"column":23},"end":{"row":37,"column":20},"action":"remove","lines":[")","      activejob (= 7"]},{"start":{"row":36,"column":24},"end":{"row":36,"column":27},"action":"remove","lines":["1.2"]},{"start":{"row":36,"column":24},"end":{"row":36,"column":25},"action":"insert","lines":["8"]},{"start":{"row":37,"column":22},"end":{"row":37,"column":25},"action":"remove","lines":["7.1"]},{"start":{"row":37,"column":22},"end":{"row":37,"column":23},"action":"insert","lines":["5"]},{"start":{"row":37,"column":25},"end":{"row":38,"column":24},"action":"remove","lines":[")","      activesupport (= 7"]},{"start":{"row":37,"column":26},"end":{"row":37,"column":29},"action":"remove","lines":["1.2"]},{"start":{"row":37,"column":26},"end":{"row":37,"column":27},"action":"insert","lines":["8"]},{"start":{"row":38,"column":20},"end":{"row":38,"column":22},"action":"insert","lines":[".0"]},{"start":{"row":39,"column":19},"end":{"row":39,"column":22},"action":"remove","lines":["7.1"]},{"start":{"row":39,"column":19},"end":{"row":39,"column":20},"action":"insert","lines":["5"]},{"start":{"row":39,"column":22},"end":{"row":39,"column":24},"action":"insert","lines":[".8"]},{"start":{"row":40,"column":6},"end":{"row":42,"column":6},"action":"remove","lines":["base64","      bigdecimal","      "]},{"start":{"row":41,"column":6},"end":{"row":43,"column":6},"action":"remove","lines":["connection_pool (>= 2.2.5)","      drb","      "]},{"start":{"row":41,"column":15},"end":{"row":41,"column":16},"action":"remove","lines":["1"]},{"start":{"row":41,"column":15},"end":{"row":41,"column":16},"action":"insert","lines":["0"]},{"start":{"row":41,"column":17},"end":{"row":41,"column":18},"action":"remove","lines":["6"]},{"start":{"row":41,"column":17},"end":{"row":41,"column":18},"action":"insert","lines":["7"]},{"start":{"row":42,"column":16},"end":{"row":42,"column":17},"action":"insert","lines":["~"]},{"start":{"row":42,"column":18},"end":{"row":42,"column":19},"action":"remove","lines":["="]},{"start":{"row":43,"column":6},"end":{"row":44,"column":6},"action":"remove","lines":["mutex_m","      "]},{"start":{"row":43,"column":17},"end":{"row":43,"column":18},"action":"remove","lines":["2"]},{"start":{"row":43,"column":17},"end":{"row":43,"column":18},"action":"insert","lines":["1"]},{"start":{"row":43,"column":19},"end":{"row":43,"column":20},"action":"remove","lines":["0"]},{"start":{"row":43,"column":19},"end":{"row":43,"column":20},"action":"insert","lines":["1"]},{"start":{"row":44,"column":4},"end":{"row":44,"column":5},"action":"remove","lines":["b"]},{"start":{"row":44,"column":5},"end":{"row":44,"column":6},"action":"remove","lines":["s"]},{"start":{"row":44,"column":5},"end":{"row":44,"column":6},"action":"insert","lines":["r"]},{"start":{"row":44,"column":7},"end":{"row":44,"column":9},"action":"remove","lines":["64"]},{"start":{"row":44,"column":7},"end":{"row":44,"column":8},"action":"insert","lines":["l"]},{"start":{"row":44,"column":10},"end":{"row":44,"column":11},"action":"remove","lines":["0"]},{"start":{"row":44,"column":10},"end":{"row":44,"column":11},"action":"insert","lines":["9"]},{"start":{"row":44,"column":12},"end":{"row":44,"column":13},"action":"remove","lines":["2"]},{"start":{"row":44,"column":12},"end":{"row":44,"column":13},"action":"insert","lines":["0"]},{"start":{"row":44,"column":15},"end":{"row":45,"column":21},"action":"remove","lines":[")","    bigdecimal (3.1.4"]},{"start":{"row":48,"column":0},"end":{"row":49,"column":0},"action":"remove","lines":["    connection_pool (2.4.1)",""]},{"start":{"row":55,"column":4},"end":{"row":57,"column":4},"action":"remove","lines":["drb (2.2.0)","      ruby2_keywords","    "]},{"start":{"row":56,"column":16},"end":{"row":56,"column":17},"action":"remove","lines":["2"]},{"start":{"row":56,"column":16},"end":{"row":56,"column":17},"action":"insert","lines":["1"]},{"start":{"row":56,"column":18},"end":{"row":56,"column":19},"action":"remove","lines":["1"]},{"start":{"row":56,"column":18},"end":{"row":56,"column":19},"action":"insert","lines":["0"]},{"start":{"row":57,"column":24},"end":{"row":57,"column":25},"action":"remove","lines":["6"]},{"start":{"row":57,"column":24},"end":{"row":57,"column":25},"action":"insert","lines":["5"]},{"start":{"row":57,"column":26},"end":{"row":57,"column":27},"action":"remove","lines":["1"]},{"start":{"row":57,"column":26},"end":{"row":57,"column":27},"action":"insert","lines":["0"]},{"start":{"row":59,"column":29},"end":{"row":63,"column":22},"action":"remove","lines":[")","    io-console (0.6.0)","    irb (1.9.0)","      rdoc","      reline (>= 0.3.8"]},{"start":{"row":70,"column":5},"end":{"row":71,"column":5},"action":"insert","lines":["ethod_source (1.0.0)","    m"]},{"start":{"row":71,"column":18},"end":{"row":72,"column":22},"action":"insert","lines":[".5)","    mini_portile2 (2.8"]},{"start":{"row":74,"column":0},"end":{"row":75,"column":0},"action":"remove","lines":["    mutex_m (0.2.0)",""]},{"start":{"row":84,"column":20},"end":{"row":84,"column":33},"action":"remove","lines":["-x86_64-linux"]},{"start":{"row":85,"column":6},"end":{"row":85,"column":13},"action":"insert","lines":["mini_po"]},{"start":{"row":85,"column":14},"end":{"row":85,"column":17},"action":"remove","lines":["acc"]},{"start":{"row":85,"column":14},"end":{"row":85,"column":19},"action":"insert","lines":["tile2"]},{"start":{"row":85,"column":24},"end":{"row":85,"column":25},"action":"remove","lines":["1"]},{"start":{"row":85,"column":24},"end":{"row":85,"column":25},"action":"insert","lines":["2"]},{"start":{"row":85,"column":26},"end":{"row":86,"column":12},"action":"remove","lines":["4)","    psych (5"]},{"start":{"row":85,"column":26},"end":{"row":85,"column":27},"action":"insert","lines":["8"]},{"start":{"row":85,"column":28},"end":{"row":85,"column":33},"action":"remove","lines":["1.1.1"]},{"start":{"row":85,"column":28},"end":{"row":85,"column":29},"action":"insert","lines":["2"]},{"start":{"row":86,"column":6},"end":{"row":87,"column":4},"action":"remove","lines":["stringio","    "]},{"start":{"row":86,"column":12},"end":{"row":86,"column":15},"action":"insert","lines":["~> "]},{"start":{"row":86,"column":17},"end":{"row":86,"column":20},"action":"remove","lines":["7.3"]},{"start":{"row":86,"column":17},"end":{"row":86,"column":18},"action":"insert","lines":["4"]},{"start":{"row":87,"column":7},"end":{"row":87,"column":8},"action":"remove","lines":["k"]},{"start":{"row":87,"column":7},"end":{"row":87,"column":8},"action":"insert","lines":["c"]},{"start":{"row":87,"column":10},"end":{"row":87,"column":11},"action":"remove","lines":["3"]},{"start":{"row":87,"column":10},"end":{"row":87,"column":11},"action":"insert","lines":["1"]},{"start":{"row":87,"column":12},"end":{"row":87,"column":13},"action":"remove","lines":["0"]},{"start":{"row":87,"column":12},"end":{"row":87,"column":13},"action":"insert","lines":["7"]},{"start":{"row":87,"column":14},"end":{"row":87,"column":15},"action":"remove","lines":["8"]},{"start":{"row":87,"column":14},"end":{"row":87,"column":15},"action":"insert","lines":["3"]},{"start":{"row":88,"column":8},"end":{"row":88,"column":16},"action":"remove","lines":["-session"]},{"start":{"row":88,"column":12},"end":{"row":88,"column":13},"action":"remove","lines":["0"]},{"start":{"row":88,"column":12},"end":{"row":88,"column":13},"action":"insert","lines":["2"]},{"start":{"row":88,"column":14},"end":{"row":89,"column":20},"action":"remove","lines":["0)","      rack (>= 3.0.0"]},{"start":{"row":88,"column":14},"end":{"row":88,"column":15},"action":"insert","lines":["8"]},{"start":{"row":91,"column":6},"end":{"row":94,"column":6},"action":"remove","lines":["ckup (2.1.0)","      rack (>= 3)","      webrick (~> 1.8)","    ra"]},{"start":{"row":92,"column":21},"end":{"row":92,"column":24},"action":"remove","lines":["7.1"]},{"start":{"row":92,"column":21},"end":{"row":92,"column":22},"action":"insert","lines":["5"]},{"start":{"row":92,"column":24},"end":{"row":93,"column":24},"action":"remove","lines":[")","      actionmailbox (= 7"]},{"start":{"row":92,"column":25},"end":{"row":92,"column":28},"action":"remove","lines":["1.2"]},{"start":{"row":92,"column":25},"end":{"row":92,"column":26},"action":"insert","lines":["8"]},{"start":{"row":93,"column":22},"end":{"row":93,"column":25},"action":"remove","lines":["7.1"]},{"start":{"row":93,"column":22},"end":{"row":93,"column":23},"action":"insert","lines":["5"]},{"start":{"row":93,"column":25},"end":{"row":93,"column":27},"action":"insert","lines":[".8"]},{"start":{"row":94,"column":20},"end":{"row":94,"column":23},"action":"remove","lines":["7.1"]},{"start":{"row":94,"column":20},"end":{"row":94,"column":21},"action":"insert","lines":["5"]},{"start":{"row":94,"column":23},"end":{"row":95,"column":21},"action":"remove","lines":[")","      actiontext (= 7"]},{"start":{"row":94,"column":24},"end":{"row":94,"column":27},"action":"remove","lines":["1.2"]},{"start":{"row":94,"column":24},"end":{"row":94,"column":25},"action":"insert","lines":["8"]},{"start":{"row":95,"column":20},"end":{"row":95,"column":23},"action":"remove","lines":["7.1"]},{"start":{"row":95,"column":20},"end":{"row":95,"column":21},"action":"insert","lines":["5"]},{"start":{"row":95,"column":23},"end":{"row":95,"column":25},"action":"insert","lines":[".8"]},{"start":{"row":96,"column":19},"end":{"row":96,"column":20},"action":"remove","lines":["7"]},{"start":{"row":96,"column":19},"end":{"row":96,"column":20},"action":"insert","lines":["5"]},{"start":{"row":96,"column":21},"end":{"row":96,"column":22},"action":"remove","lines":["1"]},{"start":{"row":96,"column":21},"end":{"row":96,"column":22},"action":"insert","lines":["2"]},{"start":{"row":96,"column":23},"end":{"row":96,"column":24},"action":"remove","lines":["2"]},{"start":{"row":96,"column":23},"end":{"row":96,"column":24},"action":"insert","lines":["8"]},{"start":{"row":97,"column":21},"end":{"row":97,"column":22},"action":"remove","lines":["7"]},{"start":{"row":97,"column":21},"end":{"row":97,"column":22},"action":"insert","lines":["5"]},{"start":{"row":97,"column":23},"end":{"row":97,"column":24},"action":"remove","lines":["1"]},{"start":{"row":97,"column":23},"end":{"row":97,"column":24},"action":"insert","lines":["2"]},{"start":{"row":97,"column":25},"end":{"row":97,"column":26},"action":"remove","lines":["2"]},{"start":{"row":97,"column":25},"end":{"row":97,"column":26},"action":"insert","lines":["8"]},{"start":{"row":98,"column":22},"end":{"row":98,"column":25},"action":"remove","lines":["7.1"]},{"start":{"row":98,"column":22},"end":{"row":98,"column":23},"action":"insert","lines":["5"]},{"start":{"row":98,"column":25},"end":{"row":98,"column":27},"action":"insert","lines":[".8"]},{"start":{"row":99,"column":23},"end":{"row":99,"column":24},"action":"remove","lines":["7"]},{"start":{"row":99,"column":23},"end":{"row":99,"column":24},"action":"insert","lines":["5"]},{"start":{"row":99,"column":25},"end":{"row":99,"column":26},"action":"remove","lines":["1"]},{"start":{"row":99,"column":25},"end":{"row":99,"column":26},"action":"insert","lines":["2"]},{"start":{"row":99,"column":27},"end":{"row":99,"column":28},"action":"remove","lines":["2"]},{"start":{"row":99,"column":27},"end":{"row":99,"column":28},"action":"insert","lines":["8"]},{"start":{"row":100,"column":23},"end":{"row":100,"column":24},"action":"remove","lines":["7"]},{"start":{"row":100,"column":23},"end":{"row":100,"column":24},"action":"insert","lines":["5"]},{"start":{"row":100,"column":25},"end":{"row":100,"column":26},"action":"remove","lines":["1"]},{"start":{"row":100,"column":25},"end":{"row":100,"column":26},"action":"insert","lines":["2"]},{"start":{"row":100,"column":27},"end":{"row":100,"column":28},"action":"remove","lines":["2"]},{"start":{"row":100,"column":27},"end":{"row":100,"column":28},"action":"insert","lines":["8"]},{"start":{"row":101,"column":20},"end":{"row":101,"column":22},"action":"remove","lines":["15"]},{"start":{"row":101,"column":20},"end":{"row":101,"column":21},"action":"insert","lines":["3"]},{"start":{"row":102,"column":18},"end":{"row":102,"column":19},"action":"remove","lines":["7"]},{"start":{"row":102,"column":18},"end":{"row":102,"column":19},"action":"insert","lines":["5"]},{"start":{"row":102,"column":20},"end":{"row":102,"column":21},"action":"remove","lines":["1"]},{"start":{"row":102,"column":20},"end":{"row":102,"column":21},"action":"insert","lines":["2"]},{"start":{"row":102,"column":22},"end":{"row":103,"column":26},"action":"insert","lines":["8)","      sprockets-rails (>= "]},{"start":{"row":103,"column":27},"end":{"row":103,"column":31},"action":"insert","lines":[".0.0"]},{"start":{"row":111,"column":14},"end":{"row":111,"column":17},"action":"remove","lines":["7.1"]},{"start":{"row":111,"column":14},"end":{"row":111,"column":15},"action":"insert","lines":["5"]},{"start":{"row":111,"column":17},"end":{"row":111,"column":19},"action":"insert","lines":[".8"]},{"start":{"row":112,"column":20},"end":{"row":112,"column":21},"action":"remove","lines":["7"]},{"start":{"row":112,"column":20},"end":{"row":112,"column":21},"action":"insert","lines":["5"]},{"start":{"row":112,"column":22},"end":{"row":112,"column":23},"action":"remove","lines":["1"]},{"start":{"row":112,"column":22},"end":{"row":112,"column":23},"action":"insert","lines":["2"]},{"start":{"row":112,"column":24},"end":{"row":112,"column":25},"action":"remove","lines":["2"]},{"start":{"row":112,"column":24},"end":{"row":112,"column":25},"action":"insert","lines":["8"]},{"start":{"row":113,"column":23},"end":{"row":113,"column":26},"action":"remove","lines":["7.1"]},{"start":{"row":113,"column":23},"end":{"row":113,"column":24},"action":"insert","lines":["5"]},{"start":{"row":113,"column":26},"end":{"row":113,"column":28},"action":"insert","lines":[".8"]},{"start":{"row":114,"column":6},"end":{"row":114,"column":7},"action":"remove","lines":["i"]},{"start":{"row":114,"column":6},"end":{"row":114,"column":16},"action":"insert","lines":["method_sou"]},{"start":{"row":114,"column":17},"end":{"row":114,"column":18},"action":"remove","lines":["b"]},{"start":{"row":114,"column":17},"end":{"row":114,"column":19},"action":"insert","lines":["ce"]},{"start":{"row":115,"column":8},"end":{"row":115,"column":9},"action":"remove","lines":["c"]},{"start":{"row":115,"column":9},"end":{"row":115,"column":11},"action":"remove","lines":["up"]},{"start":{"row":115,"column":9},"end":{"row":115,"column":10},"action":"insert","lines":["e"]},{"start":{"row":115,"column":15},"end":{"row":115,"column":16},"action":"remove","lines":["1"]},{"start":{"row":115,"column":15},"end":{"row":115,"column":16},"action":"insert","lines":["0"]},{"start":{"row":115,"column":17},"end":{"row":115,"column":18},"action":"remove","lines":["0"]},{"start":{"row":115,"column":17},"end":{"row":115,"column":18},"action":"insert","lines":["8"]},{"start":{"row":115,"column":19},"end":{"row":115,"column":20},"action":"remove","lines":["0"]},{"start":{"row":115,"column":19},"end":{"row":115,"column":20},"action":"insert","lines":["7"]},{"start":{"row":116,"column":6},"end":{"row":116,"column":9},"action":"insert","lines":["tho"]},{"start":{"row":116,"column":10},"end":{"row":116,"column":13},"action":"remove","lines":["ake"]},{"start":{"row":116,"column":15},"end":{"row":116,"column":17},"action":"insert","lines":["0."]},{"start":{"row":116,"column":18},"end":{"row":116,"column":25},"action":"insert","lines":["9.0, < "]},{"start":{"row":116,"column":27},"end":{"row":116,"column":28},"action":"remove","lines":["2"]},{"start":{"row":116,"column":27},"end":{"row":116,"column":28},"action":"insert","lines":["0"]},{"start":{"row":117,"column":4},"end":{"row":117,"column":9},"action":"remove","lines":["  tho"]},{"start":{"row":117,"column":5},"end":{"row":117,"column":8},"action":"insert","lines":["ake"]},{"start":{"row":117,"column":10},"end":{"row":117,"column":13},"action":"remove","lines":["~> "]},{"start":{"row":117,"column":10},"end":{"row":117,"column":13},"action":"insert","lines":["13."]},{"start":{"row":117,"column":16},"end":{"row":117,"column":17},"action":"remove","lines":[","]},{"start":{"row":117,"column":16},"end":{"row":118,"column":3},"action":"insert","lines":[")","   "]},{"start":{"row":118,"column":4},"end":{"row":118,"column":6},"action":"remove","lines":[">="]},{"start":{"row":118,"column":4},"end":{"row":118,"column":13},"action":"insert","lines":["sprockets"]},{"start":{"row":118,"column":14},"end":{"row":118,"column":15},"action":"remove","lines":["1"]},{"start":{"row":118,"column":14},"end":{"row":118,"column":16},"action":"insert","lines":["(4"]},{"start":{"row":118,"column":19},"end":{"row":118,"column":20},"action":"remove","lines":["2"]},{"start":{"row":118,"column":19},"end":{"row":118,"column":20},"action":"insert","lines":["1"]},{"start":{"row":119,"column":6},"end":{"row":119,"column":7},"action":"remove","lines":["z"]},{"start":{"row":119,"column":6},"end":{"row":119,"column":13},"action":"insert","lines":["concurr"]},{"start":{"row":119,"column":14},"end":{"row":119,"column":15},"action":"remove","lines":["i"]},{"start":{"row":119,"column":14},"end":{"row":119,"column":15},"action":"insert","lines":["n"]},{"start":{"row":119,"column":16},"end":{"row":119,"column":18},"action":"remove","lines":["we"]},{"start":{"row":119,"column":16},"end":{"row":119,"column":17},"action":"insert","lines":["-"]},{"start":{"row":119,"column":18},"end":{"row":119,"column":19},"action":"remove","lines":["k"]},{"start":{"row":119,"column":18},"end":{"row":119,"column":21},"action":"insert","lines":["uby"]},{"start":{"row":119,"column":26},"end":{"row":119,"column":27},"action":"remove","lines":["2"]},{"start":{"row":119,"column":26},"end":{"row":119,"column":27},"action":"insert","lines":["1"]},{"start":{"row":119,"column":28},"end":{"row":119,"column":29},"action":"remove","lines":["6"]},{"start":{"row":119,"column":28},"end":{"row":119,"column":29},"action":"insert","lines":["0"]},{"start":{"row":120,"column":0},"end":{"row":120,"column":1},"action":"insert","lines":[" "]},{"start":{"row":120,"column":5},"end":{"row":120,"column":6},"action":"insert","lines":[" "]},{"start":{"row":120,"column":8},"end":{"row":120,"column":9},"action":"insert","lines":["c"]},{"start":{"row":120,"column":10},"end":{"row":120,"column":11},"action":"remove","lines":["e"]},{"start":{"row":120,"column":12},"end":{"row":120,"column":14},"action":"remove","lines":["13"]},{"start":{"row":120,"column":12},"end":{"row":120,"column":16},"action":"insert","lines":[">= 2"]},{"start":{"row":120,"column":17},"end":{"row":120,"column":18},"action":"remove","lines":["1"]},{"start":{"row":120,"column":17},"end":{"row":120,"column":18},"action":"insert","lines":["2"]},{"start":{"row":120,"column":19},"end":{"row":120,"column":20},"action":"remove","lines":["0"]},{"start":{"row":120,"column":19},"end":{"row":120,"column":25},"action":"insert","lines":["4, < 4"]},{"start":{"row":121,"column":4},"end":{"row":121,"column":6},"action":"insert","lines":["sp"]},{"start":{"row":121,"column":7},"end":{"row":121,"column":8},"action":"remove","lines":["d"]},{"start":{"row":121,"column":9},"end":{"row":121,"column":19},"action":"insert","lines":["kets-rails"]},{"start":{"row":121,"column":21},"end":{"row":121,"column":22},"action":"remove","lines":["6"]},{"start":{"row":121,"column":21},"end":{"row":121,"column":22},"action":"insert","lines":["3"]},{"start":{"row":121,"column":23},"end":{"row":121,"column":24},"action":"remove","lines":["6"]},{"start":{"row":121,"column":23},"end":{"row":121,"column":24},"action":"insert","lines":["4"]},{"start":{"row":121,"column":25},"end":{"row":121,"column":26},"action":"remove","lines":["0"]},{"start":{"row":121,"column":25},"end":{"row":121,"column":26},"action":"insert","lines":["2"]},{"start":{"row":122,"column":6},"end":{"row":122,"column":12},"action":"insert","lines":["action"]},{"start":{"row":122,"column":13},"end":{"row":122,"column":15},"action":"remove","lines":["sy"]},{"start":{"row":122,"column":13},"end":{"row":122,"column":14},"action":"insert","lines":["a"]},{"start":{"row":122,"column":15},"end":{"row":122,"column":16},"action":"remove","lines":["h"]},{"start":{"row":122,"column":15},"end":{"row":122,"column":16},"action":"insert","lines":["k"]},{"start":{"row":122,"column":21},"end":{"row":122,"column":22},"action":"remove","lines":["4"]},{"start":{"row":122,"column":21},"end":{"row":122,"column":22},"action":"insert","lines":["5"]},{"start":{"row":122,"column":23},"end":{"row":122,"column":26},"action":"remove","lines":["0.0"]},{"start":{"row":122,"column":23},"end":{"row":122,"column":24},"action":"insert","lines":["2"]},{"start":{"row":123,"column":4},"end":{"row":123,"column":10},"action":"remove","lines":["reline"]},{"start":{"row":123,"column":5},"end":{"row":124,"column":0},"action":"remove","lines":["(0.4.0)",""]},{"start":{"row":123,"column":6},"end":{"row":123,"column":11},"action":"remove","lines":["     "]},{"start":{"row":123,"column":6},"end":{"row":123,"column":9},"action":"insert","lines":["act"]},{"start":{"row":123,"column":10},"end":{"row":123,"column":15},"action":"remove","lines":["o-con"]},{"start":{"row":123,"column":10},"end":{"row":123,"column":12},"action":"insert","lines":["ve"]},{"start":{"row":123,"column":13},"end":{"row":123,"column":16},"action":"insert","lines":["upp"]},{"start":{"row":123,"column":17},"end":{"row":123,"column":19},"action":"remove","lines":["le"]},{"start":{"row":123,"column":17},"end":{"row":123,"column":19},"action":"insert","lines":["rt"]},{"start":{"row":123,"column":21},"end":{"row":123,"column":22},"action":"remove","lines":["~"]},{"start":{"row":123,"column":22},"end":{"row":123,"column":23},"action":"insert","lines":["="]},{"start":{"row":123,"column":24},"end":{"row":123,"column":25},"action":"remove","lines":["0"]},{"start":{"row":123,"column":24},"end":{"row":123,"column":25},"action":"insert","lines":["5"]},{"start":{"row":123,"column":26},"end":{"row":123,"column":27},"action":"remove","lines":["5"]},{"start":{"row":123,"column":26},"end":{"row":123,"column":27},"action":"insert","lines":["2"]},{"start":{"row":124,"column":4},"end":{"row":124,"column":8},"action":"insert","lines":["  sp"]},{"start":{"row":124,"column":9},"end":{"row":124,"column":14},"action":"remove","lines":["uby2_"]},{"start":{"row":124,"column":9},"end":{"row":124,"column":11},"action":"insert","lines":["oc"]},{"start":{"row":124,"column":13},"end":{"row":124,"column":18},"action":"remove","lines":["yword"]},{"start":{"row":124,"column":13},"end":{"row":124,"column":14},"action":"insert","lines":["t"]},{"start":{"row":124,"column":17},"end":{"row":124,"column":18},"action":"remove","lines":["0"]},{"start":{"row":124,"column":17},"end":{"row":124,"column":21},"action":"insert","lines":[">= 3"]},{"start":{"row":124,"column":24},"end":{"row":124,"column":25},"action":"remove","lines":["5"]},{"start":{"row":124,"column":24},"end":{"row":124,"column":25},"action":"insert","lines":["0"]},{"start":{"row":125,"column":4},"end":{"row":125,"column":5},"action":"remove","lines":["s"]},{"start":{"row":125,"column":5},"end":{"row":125,"column":10},"action":"remove","lines":["ringi"]},{"start":{"row":125,"column":5},"end":{"row":125,"column":6},"action":"insert","lines":["h"]},{"start":{"row":125,"column":7},"end":{"row":125,"column":8},"action":"insert","lines":["r"]},{"start":{"row":125,"column":10},"end":{"row":125,"column":12},"action":"insert","lines":["1."]},{"start":{"row":125,"column":15},"end":{"row":125,"column":17},"action":"remove","lines":[".9"]},{"start":{"row":126,"column":6},"end":{"row":126,"column":7},"action":"remove","lines":["o"]},{"start":{"row":126,"column":7},"end":{"row":126,"column":15},"action":"insert","lines":["ead_safe"]},{"start":{"row":126,"column":17},"end":{"row":126,"column":18},"action":"remove","lines":["1"]},{"start":{"row":126,"column":17},"end":{"row":126,"column":18},"action":"insert","lines":["0"]},{"start":{"row":126,"column":21},"end":{"row":126,"column":22},"action":"remove","lines":["0"]},{"start":{"row":126,"column":21},"end":{"row":126,"column":22},"action":"insert","lines":["6"]},{"start":{"row":132,"column":12},"end":{"row":132,"column":14},"action":"insert","lines":["1."]},{"start":{"row":132,"column":16},"end":{"row":132,"column":19},"action":"remove","lines":["0.6"]},{"start":{"row":132,"column":16},"end":{"row":132,"column":18},"action":"insert","lines":["11"]},{"start":{"row":133,"column":6},"end":{"row":133,"column":12},"action":"remove","lines":["concur"]},{"start":{"row":133,"column":6},"end":{"row":133,"column":8},"action":"insert","lines":["th"]},{"start":{"row":133,"column":10},"end":{"row":133,"column":17},"action":"remove","lines":["nt-ruby"]},{"start":{"row":133,"column":10},"end":{"row":133,"column":17},"action":"insert","lines":["ad_safe"]},{"start":{"row":133,"column":22},"end":{"row":133,"column":24},"action":"remove","lines":["1."]},{"start":{"row":133,"column":23},"end":{"row":134,"column":16},"action":"remove","lines":[")","    webrick (1.8"]},{"start":{"row":136,"column":32},"end":{"row":137,"column":21},"action":"remove","lines":["","    zeitwerk (2.6.12)"]},{"start":{"row":145,"column":7},"end":{"row":145,"column":17},"action":"insert","lines":[" (= 5.2.8)"]}],[{"start":{"row":56,"column":4},"end":{"row":58,"column":4},"action":"insert","lines":["faker (3.2.2)","      i18n (>= 1.8.11, < 2)","    "],"id":9},{"start":{"row":145,"column":14},"end":{"row":146,"column":6},"action":"insert","lines":["r","  fake"]}]]},"ace":{"folds":[],"scrolltop":1169.90625,"scrollleft":0,"selection":{"start":{"row":93,"column":12},"end":{"row":93,"column":12},"isBackwards":false},"options":{"guessTabSize":true,"useWrapMode":false,"wrapToView":true},"firstLineState":{"row":80,"state":"start","mode":"ace/mode/text"}},"timestamp":1699821732109,"hash":"f083fa083f7517097ff332860b5f72e88940948e"}